
Microsoft Visual Studio Solution File, Format Version 11.00
# Visual Studio 2010
Project("{8BC9CEB8-8B4A-11D0-8D11-00A0C91BC942}") = "LAVSplitter", "demuxer\LAVSplitter\LAVSplitter.vcxproj", "{F475F86F-3F7F-4B1D-82A6-078339F599FD}"
	ProjectSection(ProjectDependencies) = postProject
		{0A058024-41F4-4509-97D2-803A1806CE86} = {0A058024-41F4-4509-97D2-803A1806CE86}
		{E2012DB5-33CB-44A7-B521-04287F6D0D80} = {E2012DB5-33CB-44A7-B521-04287F6D0D80}
		{E8A3F6FA-AE1C-4C8E-A0B6-9C8480324EAA} = {E8A3F6FA-AE1C-4C8E-A0B6-9C8480324EAA}
	EndProjectSection
EndProject
Project("{8BC9CEB8-8B4A-11D0-8D11-00A0C91BC942}") = "baseclasses", "common\baseclasses\baseclasses.vcxproj", "{E8A3F6FA-AE1C-4C8E-A0B6-9C8480324EAA}"
EndProject
Project("{8BC9CEB8-8B4A-11D0-8D11-00A0C91BC942}") = "DSUtilLite", "common\DSUtilLite\DSUtilLite.vcxproj", "{0A058024-41F4-4509-97D2-803A1806CE86}"
	ProjectSection(ProjectDependencies) = postProject
		{E8A3F6FA-AE1C-4C8E-A0B6-9C8480324EAA} = {E8A3F6FA-AE1C-4C8E-A0B6-9C8480324EAA}
	EndProjectSection
EndProject
Project("{8BC9CEB8-8B4A-11D0-8D11-00A0C91BC942}") = "Demuxers", "demuxer\Demuxers\Demuxers.vcxproj", "{E2012DB5-33CB-44A7-B521-04287F6D0D80}"
	ProjectSection(ProjectDependencies) = postProject
		{0A058024-41F4-4509-97D2-803A1806CE86} = {0A058024-41F4-4509-97D2-803A1806CE86}
		{E1DA1B95-71F1-4C21-A271-121176925062} = {E1DA1B95-71F1-4C21-A271-121176925062}
		{E8A3F6FA-AE1C-4C8E-A0B6-9C8480324EAA} = {E8A3F6FA-AE1C-4C8E-A0B6-9C8480324EAA}
	EndProjectSection
EndProject
Project("{8BC9CEB8-8B4A-11D0-8D11-00A0C91BC942}") = "LAVAudio", "decoder\LAVAudio\LAVAudio.vcxproj", "{12154C64-9136-4C21-92FA-665008C6FD27}"
	ProjectSection(ProjectDependencies) = postProject
		{0A058024-41F4-4509-97D2-803A1806CE86} = {0A058024-41F4-4509-97D2-803A1806CE86}
		{E8A3F6FA-AE1C-4C8E-A0B6-9C8480324EAA} = {E8A3F6FA-AE1C-4C8E-A0B6-9C8480324EAA}
	EndProjectSection
EndProject
Project("{8BC9CEB8-8B4A-11D0-8D11-00A0C91BC942}") = "libbluray", "libbluray\libbluray.vcxproj", "{E1DA1B95-71F1-4C21-A271-121176925062}"
EndProject
Project("{8BC9CEB8-8B4A-11D0-8D11-00A0C91BC942}") = "LAVVideo", "decoder\LAVVideo\LAVVideo.vcxproj", "{D29ADED3-086B-46A8-9455-97EFF6B14775}"
	ProjectSection(ProjectDependencies) = postProject
		{0A058024-41F4-4509-97D2-803A1806CE86} = {0A058024-41F4-4509-97D2-803A1806CE86}
		{E8A3F6FA-AE1C-4C8E-A0B6-9C8480324EAA} = {E8A3F6FA-AE1C-4C8E-A0B6-9C8480324EAA}
	EndProjectSection
EndProject
Global
	GlobalSection(SolutionConfigurationPlatforms) = preSolution
		Debug|Win32 = Debug|Win32
		Debug|x64 = Debug|x64
		Release|Win32 = Release|Win32
		Release|x64 = Release|x64
	EndGlobalSection
	GlobalSection(ProjectConfigurationPlatforms) = postSolution
		{F475F86F-3F7F-4B1D-82A6-078339F599FD}.Debug|Win32.ActiveCfg = Debug|Win32
		{F475F86F-3F7F-4B1D-82A6-078339F599FD}.Debug|Win32.Build.0 = Debug|Win32
		{F475F86F-3F7F-4B1D-82A6-078339F599FD}.Debug|x64.ActiveCfg = Debug|x64
		{F475F86F-3F7F-4B1D-82A6-078339F599FD}.Debug|x64.Build.0 = Debug|x64
		{F475F86F-3F7F-4B1D-82A6-078339F599FD}.Release|Win32.ActiveCfg = Release|Win32
		{F475F86F-3F7F-4B1D-82A6-078339F599FD}.Release|Win32.Build.0 = Release|Win32
		{F475F86F-3F7F-4B1D-82A6-078339F599FD}.Release|x64.ActiveCfg = Release|x64
		{F475F86F-3F7F-4B1D-82A6-078339F599FD}.Release|x64.Build.0 = Release|x64
		{E8A3F6FA-AE1C-4C8E-A0B6-9C8480324EAA}.Debug|Win32.ActiveCfg = Debug|Win32
		{E8A3F6FA-AE1C-4C8E-A0B6-9C8480324EAA}.Debug|Win32.Build.0 = Debug|Win32
		{E8A3F6FA-AE1C-4C8E-A0B6-9C8480324EAA}.Debug|x64.ActiveCfg = Debug|x64
		{E8A3F6FA-AE1C-4C8E-A0B6-9C8480324EAA}.Debug|x64.Build.0 = Debug|x64
		{E8A3F6FA-AE1C-4C8E-A0B6-9C8480324EAA}.Release|Win32.ActiveCfg = Release|Win32
		{E8A3F6FA-AE1C-4C8E-A0B6-9C8480324EAA}.Release|Win32.Build.0 = Release|Win32
		{E8A3F6FA-AE1C-4C8E-A0B6-9C8480324EAA}.Release|x64.ActiveCfg = Release|x64
		{E8A3F6FA-AE1C-4C8E-A0B6-9C8480324EAA}.Release|x64.Build.0 = Release|x64
		{0A058024-41F4-4509-97D2-803A1806CE86}.Debug|Win32.ActiveCfg = Debug|Win32
		{0A058024-41F4-4509-97D2-803A1806CE86}.Debug|Win32.Build.0 = Debug|Win32
		{0A058024-41F4-4509-97D2-803A1806CE86}.Debug|x64.ActiveCfg = Debug|x64
		{0A058024-41F4-4509-97D2-803A1806CE86}.Debug|x64.Build.0 = Debug|x64
		{0A058024-41F4-4509-97D2-803A1806CE86}.Release|Win32.ActiveCfg = Release|Win32
		{0A058024-41F4-4509-97D2-803A1806CE86}.Release|Win32.Build.0 = Release|Win32
		{0A058024-41F4-4509-97D2-803A1806CE86}.Release|x64.ActiveCfg = Release|x64
		{0A058024-41F4-4509-97D2-803A1806CE86}.Release|x64.Build.0 = Release|x64
		{E2012DB5-33CB-44A7-B521-04287F6D0D80}.Debug|Win32.ActiveCfg = Debug|Win32
		{E2012DB5-33CB-44A7-B521-04287F6D0D80}.Debug|Win32.Build.0 = Debug|Win32
		{E2012DB5-33CB-44A7-B521-04287F6D0D80}.Debug|x64.ActiveCfg = Debug|x64
		{E2012DB5-33CB-44A7-B521-04287F6D0D80}.Debug|x64.Build.0 = Debug|x64
		{E2012DB5-33CB-44A7-B521-04287F6D0D80}.Release|Win32.ActiveCfg = Release|Win32
		{E2012DB5-33CB-44A7-B521-04287F6D0D80}.Release|Win32.Build.0 = Release|Win32
		{E2012DB5-33CB-44A7-B521-04287F6D0D80}.Release|x64.ActiveCfg = Release|x64
		{E2012DB5-33CB-44A7-B521-04287F6D0D80}.Release|x64.Build.0 = Release|x64
		{12154C64-9136-4C21-92FA-665008C6FD27}.Debug|Win32.ActiveCfg = Debug|Win32
		{12154C64-9136-4C21-92FA-665008C6FD27}.Debug|Win32.Build.0 = Debug|Win32
		{12154C64-9136-4C21-92FA-665008C6FD27}.Debug|x64.ActiveCfg = Debug|x64
		{12154C64-9136-4C21-92FA-665008C6FD27}.Debug|x64.Build.0 = Debug|x64
		{12154C64-9136-4C21-92FA-665008C6FD27}.Release|Win32.ActiveCfg = Release|Win32
		{12154C64-9136-4C21-92FA-665008C6FD27}.Release|Win32.Build.0 = Release|Win32
		{12154C64-9136-4C21-92FA-665008C6FD27}.Release|x64.ActiveCfg = Release|x64
		{12154C64-9136-4C21-92FA-665008C6FD27}.Release|x64.Build.0 = Release|x64
		{E1DA1B95-71F1-4C21-A271-121176925062}.Debug|Win32.ActiveCfg = Debug|Win32
		{E1DA1B95-71F1-4C21-A271-121176925062}.Debug|Win32.Build.0 = Debug|Win32
		{E1DA1B95-71F1-4C21-A271-121176925062}.Debug|x64.ActiveCfg = Debug|x64
		{E1DA1B95-71F1-4C21-A271-121176925062}.Debug|x64.Build.0 = Debug|x64
		{E1DA1B95-71F1-4C21-A271-121176925062}.Release|Win32.ActiveCfg = Release|Win32
		{E1DA1B95-71F1-4C21-A271-121176925062}.Release|Win32.Build.0 = Release|Win32
		{E1DA1B95-71F1-4C21-A271-121176925062}.Release|x64.ActiveCfg = Release|x64
		{E1DA1B95-71F1-4C21-A271-121176925062}.Release|x64.Build.0 = Release|x64
		{D29ADED3-086B-46A8-9455-97EFF6B14775}.Debug|Win32.ActiveCfg = Debug|Win32
		{D29ADED3-086B-46A8-9455-97EFF6B14775}.Debug|Win32.Build.0 = Debug|Win32
		{D29ADED3-086B-46A8-9455-97EFF6B14775}.Debug|x64.ActiveCfg = Debug|x64
		{D29ADED3-086B-46A8-9455-97EFF6B14775}.Debug|x64.Build.0 = Debug|x64
		{D29ADED3-086B-46A8-9455-97EFF6B14775}.Release|Win32.ActiveCfg = Release|Win32
		{D29ADED3-086B-46A8-9455-97EFF6B14775}.Release|Win32.Build.0 = Release|Win32
		{D29ADED3-086B-46A8-9455-97EFF6B14775}.Release|x64.ActiveCfg = Release|x64
		{D29ADED3-086B-46A8-9455-97EFF6B14775}.Release|x64.Build.0 = Release|x64
	EndGlobalSection
	GlobalSection(SolutionProperties) = preSolution
		HideSolutionNode = FALSE
	EndGlobalSection
EndGlobal
