<?xml version="1.0" encoding="utf-8"?>
<Project ToolsVersion="4.0" xmlns="http://schemas.microsoft.com/developer/msbuild/2003">
  <ItemGroup>
    <Filter Include="Source Files">
      <UniqueIdentifier>{4FC737F1-C7A5-4376-A066-2A32D752A2FF}</UniqueIdentifier>
      <Extensions>cpp;c;cc;cxx;def;odl;idl;hpj;bat;asm;asmx</Extensions>
    </Filter>
    <Filter Include="Header Files">
      <UniqueIdentifier>{93995380-89BD-4b04-88EB-625FBE52EBFB}</UniqueIdentifier>
      <Extensions>h;hpp;hxx;hm;inl;inc;xsd</Extensions>
    </Filter>
    <Filter Include="Resource Files">
      <UniqueIdentifier>{67DA6AB6-F800-4c08-8B7A-83BB121AAD01}</UniqueIdentifier>
      <Extensions>rc;ico;cur;bmp;dlg;rc2;rct;bin;rgs;gif;jpg;jpeg;jpe;resx;tiff;tif;png;wav;mfcribbon-ms</Extensions>
    </Filter>
    <Filter Include="Header Files\DeCSS">
      <UniqueIdentifier>{a130de5c-2e03-4582-92a8-2675b370e46f}</UniqueIdentifier>
    </Filter>
    <Filter Include="Source Files\DeCSS">
      <UniqueIdentifier>{b645319e-a7a0-4188-b5cb-516008bf32c5}</UniqueIdentifier>
    </Filter>
  </ItemGroup>
  <ItemGroup>
    <ClInclude Include="stdafx.h">
      <Filter>Header Files</Filter>
    </ClInclude>
    <ClInclude Include="H264Nalu.h">
      <Filter>Header Files</Filter>
    </ClInclude>
    <ClInclude Include="DShowUtil.h">
      <Filter>Header Files</Filter>
    </ClInclude>
    <ClInclude Include="registry.h">
      <Filter>Header Files</Filter>
    </ClInclude>
    <ClInclude Include="growarray.h">
      <Filter>Header Files</Filter>
    </ClInclude>
    <ClInclude Include="FloatingAverage.h">
      <Filter>Header Files</Filter>
    </ClInclude>
    <ClInclude Include="BaseDSPropPage.h">
      <Filter>Header Files</Filter>
    </ClInclude>
    <ClInclude Include="FontInstaller.h">
      <Filter>Header Files</Filter>
    </ClInclude>
    <ClInclude Include="DeCSS\CSSauth.h">
      <Filter>Header Files\DeCSS</Filter>
    </ClInclude>
    <ClInclude Include="DeCSS\CSSscramble.h">
      <Filter>Header Files\DeCSS</Filter>
    </ClInclude>
    <ClInclude Include="DeCSS\DeCSSInputPin.h">
      <Filter>Header Files\DeCSS</Filter>
    </ClInclude>
    <ClInclude Include="ByteParser.h">
      <Filter>Header Files</Filter>
    </ClInclude>
    <ClInclude Include="lavf_log.h">
      <Filter>Header Files</Filter>
    </ClInclude>
    <ClInclude Include="gpu_memcpy_sse4.h">
      <Filter>Header Files</Filter>
    </ClInclude>
    <ClInclude Include="rand_sse.h">
      <Filter>Header Files</Filter>
    </ClInclude>
    <ClInclude Include="SynchronizedQueue.h">
      <Filter>Header Files</Filter>
    </ClInclude>
  </ItemGroup>
  <ItemGroup>
    <ClCompile Include="stdafx.cpp">
      <Filter>Source Files</Filter>
    </ClCompile>
    <ClCompile Include="H264Nalu.cpp">
      <Filter>Source Files</Filter>
    </ClCompile>
    <ClCompile Include="filterreg.cpp">
      <Filter>Source Files</Filter>
    </ClCompile>
    <ClCompile Include="locale.cpp">
      <Filter>Source Files</Filter>
    </ClCompile>
    <ClCompile Include="DShowUtil.cpp">
      <Filter>Source Files</Filter>
    </ClCompile>
    <ClCompile Include="registry.cpp">
      <Filter>Source Files</Filter>
    </ClCompile>
    <ClCompile Include="BaseDSPropPage.cpp">
      <Filter>Source Files</Filter>
    </ClCompile>
    <ClCompile Include="FontInstaller.cpp">
      <Filter>Source Files</Filter>
    </ClCompile>
    <ClCompile Include="DeCSS\CSSauth.cpp">
      <Filter>Source Files\DeCSS</Filter>
    </ClCompile>
    <ClCompile Include="DeCSS\CSSscramble.cpp">
      <Filter>Source Files\DeCSS</Filter>
    </ClCompile>
    <ClCompile Include="DeCSS\DeCSSInputPin.cpp">
      <Filter>Source Files\DeCSS</Filter>
    </ClCompile>
    <ClCompile Include="ByteParser.cpp">
      <Filter>Source Files</Filter>
    </ClCompile>
  </ItemGroup>
</Project>