<?xml version="1.0" encoding="utf-8"?>
<Project ToolsVersion="4.0" xmlns="http://schemas.microsoft.com/developer/msbuild/2003">
  <ItemGroup>
    <Filter Include="Source Files">
      <UniqueIdentifier>{4FC737F1-C7A5-4376-A066-2A32D752A2FF}</UniqueIdentifier>
      <Extensions>cpp;c;cc;cxx;def;odl;idl;hpj;bat;asm;asmx</Extensions>
    </Filter>
    <Filter Include="Header Files">
      <UniqueIdentifier>{93995380-89BD-4b04-88EB-625FBE52EBFB}</UniqueIdentifier>
      <Extensions>h;hpp;hxx;hm;inl;inc;xsd</Extensions>
    </Filter>
    <Filter Include="Resource Files">
      <UniqueIdentifier>{67DA6AB6-F800-4c08-8B7A-83BB121AAD01}</UniqueIdentifier>
      <Extensions>rc;ico;cur;bmp;dlg;rc2;rct;bin;rgs;gif;jpg;jpeg;jpe;resx;tiff;tif;png;wav;mfcribbon-ms</Extensions>
    </Filter>
    <Filter Include="Source Files\parsers">
      <UniqueIdentifier>{30aabf4d-c49c-4299-82a6-eda004fc7b22}</UniqueIdentifier>
    </Filter>
    <Filter Include="Header Files\parsers">
      <UniqueIdentifier>{a78d7ea2-1b41-4d14-bcbc-7367aee8f548}</UniqueIdentifier>
    </Filter>
    <Filter Include="Source Files\pixconv">
      <UniqueIdentifier>{785bf298-6050-43e0-81d0-54dd1389be17}</UniqueIdentifier>
    </Filter>
    <Filter Include="Header Files\pixconv">
      <UniqueIdentifier>{4b09de39-e456-4b36-98fa-aba7f24526bd}</UniqueIdentifier>
    </Filter>
    <Filter Include="Source Files\decoders">
      <UniqueIdentifier>{e2f0f0cd-c474-4ba2-aa2e-dd8e689907e7}</UniqueIdentifier>
    </Filter>
    <Filter Include="Header Files\decoders">
      <UniqueIdentifier>{c5cd3602-30d6-48ff-8100-230758b36fb4}</UniqueIdentifier>
    </Filter>
  </ItemGroup>
  <ItemGroup>
    <ClCompile Include="stdafx.cpp">
      <Filter>Source Files</Filter>
    </ClCompile>
    <ClCompile Include="dllmain.cpp">
      <Filter>Source Files</Filter>
    </ClCompile>
    <ClCompile Include="LAVVideo.cpp">
      <Filter>Source Files</Filter>
    </ClCompile>
    <ClCompile Include="Media.cpp">
      <Filter>Source Files</Filter>
    </ClCompile>
    <ClCompile Include="LAVPixFmtConverter.cpp">
      <Filter>Source Files</Filter>
    </ClCompile>
    <ClCompile Include="VideoSettingsProp.cpp">
      <Filter>Source Files</Filter>
    </ClCompile>
    <ClCompile Include="H264RandomAccess.cpp">
      <Filter>Source Files</Filter>
    </ClCompile>
    <ClCompile Include="parsers\VC1HeaderParser.cpp">
      <Filter>Source Files\parsers</Filter>
    </ClCompile>
    <ClCompile Include="parsers\MPEG2HeaderParser.cpp">
      <Filter>Source Files\parsers</Filter>
    </ClCompile>
    <ClCompile Include="pixconv\pixconv.cpp">
      <Filter>Source Files\pixconv</Filter>
    </ClCompile>
    <ClCompile Include="pixconv\convert_generic.cpp">
      <Filter>Source Files\pixconv</Filter>
    </ClCompile>
    <ClCompile Include="pixconv\yuv444_ayuv.cpp">
      <Filter>Source Files\pixconv</Filter>
    </ClCompile>
    <ClCompile Include="pixconv\interleave.cpp">
      <Filter>Source Files\pixconv</Filter>
    </ClCompile>
    <ClCompile Include="pixconv\yuv2yuv_unscaled.cpp">
      <Filter>Source Files\pixconv</Filter>
    </ClCompile>
    <ClCompile Include="pixconv\yuv2rgb.cpp">
      <Filter>Source Files\pixconv</Filter>
    </ClCompile>
    <ClCompile Include="decoders\avcodec.cpp">
      <Filter>Source Files\decoders</Filter>
    </ClCompile>
    <ClCompile Include="decoders\pixfmt.cpp">
      <Filter>Source Files\decoders</Filter>
    </ClCompile>
    <ClCompile Include="decoders\cuvid.cpp">
      <Filter>Source Files\decoders</Filter>
    </ClCompile>
    <ClCompile Include="parsers\AVC1AnnexBConverter.cpp">
      <Filter>Source Files\parsers</Filter>
    </ClCompile>
    <ClCompile Include="parsers\H264SequenceParser.cpp">
      <Filter>Source Files\parsers</Filter>
    </ClCompile>
    <ClCompile Include="pixconv\yuv420_yuy2.cpp">
      <Filter>Source Files\pixconv</Filter>
    </ClCompile>
  </ItemGroup>
  <ItemGroup>
    <ClInclude Include="stdafx.h">
      <Filter>Header Files</Filter>
    </ClInclude>
    <ClInclude Include="LAVVideo.h">
      <Filter>Header Files</Filter>
    </ClInclude>
    <ClInclude Include="Media.h">
      <Filter>Header Files</Filter>
    </ClInclude>
    <ClInclude Include="LAVPixFmtConverter.h">
      <Filter>Header Files</Filter>
    </ClInclude>
    <ClInclude Include="resource.h">
      <Filter>Header Files</Filter>
    </ClInclude>
    <ClInclude Include="VideoSettingsProp.h">
      <Filter>Header Files</Filter>
    </ClInclude>
    <ClInclude Include="LAVVideoSettings.h">
      <Filter>Header Files</Filter>
    </ClInclude>
    <ClInclude Include="H264RandomAccess.h">
      <Filter>Header Files</Filter>
    </ClInclude>
    <ClInclude Include="parsers\VC1HeaderParser.h">
      <Filter>Header Files\parsers</Filter>
    </ClInclude>
    <ClInclude Include="parsers\MPEG2HeaderParser.h">
      <Filter>Header Files\parsers</Filter>
    </ClInclude>
    <ClInclude Include="pixconv\pixconv_internal.h">
      <Filter>Header Files\pixconv</Filter>
    </ClInclude>
    <ClInclude Include="pixconv\pixconv_sse2_templates.h">
      <Filter>Header Files\pixconv</Filter>
    </ClInclude>
    <ClInclude Include="decoders\ILAVDecoder.h">
      <Filter>Header Files\decoders</Filter>
    </ClInclude>
    <ClInclude Include="decoders\DecBase.h">
      <Filter>Header Files\decoders</Filter>
    </ClInclude>
    <ClInclude Include="decoders\avcodec.h">
      <Filter>Header Files\decoders</Filter>
    </ClInclude>
    <ClInclude Include="decoders\cuvid.h">
      <Filter>Header Files\decoders</Filter>
    </ClInclude>
    <ClInclude Include="parsers\AVC1AnnexBConverter.h">
      <Filter>Header Files\parsers</Filter>
    </ClInclude>
    <ClInclude Include="parsers\H264SequenceParser.h">
      <Filter>Header Files\parsers</Filter>
    </ClInclude>
  </ItemGroup>
  <ItemGroup>
    <ResourceCompile Include="LAVVideo.rc">
      <Filter>Resource Files</Filter>
    </ResourceCompile>
  </ItemGroup>
  <ItemGroup>
    <None Include="LAVVideo.rc2">
      <Filter>Resource Files</Filter>
    </None>
    <None Include="..\..\resources\red.ico">
      <Filter>Resource Files</Filter>
    </None>
  </ItemGroup>
</Project>